{
  "name": "authy-cli",
  "version": "1.0.0",
  "lockfileVersion": 3,
  "requires": true,
  "packages": {
    "": {
      "name": "authy-cli",
      "version": "1.0.0",
      "dependencies": {
        "@docker/node-sdk": "^0.0.17",
        "commander": "^14.0.3"
      },
      "bin": {
        "authy": "dist/cli.js"
      },
      "devDependencies": {
        "@types/node": "^24.0.0",
        "typescript": "^5.9.0"
      }
    },
    "node_modules/@docker/node-sdk": {
      "version": "0.0.17",
      "resolved": "https://registry.npmjs.org/@docker/node-sdk/-/node-sdk-0.0.17.tgz",
      "integrity": "sha512-j+pxXOhNSagm9pwSHSBy5YGgV22TYTmL9GJRFGYT8AaDb8rZg7MekM4+QfRzdP1AzL6/HD8nEDyEkYjkz7/yMg==",
      "license": "Apache-2.0",
      "dependencies": {
        "ssh2": "^1.16.0",
        "tar-stream": "^3.1.4",
        "undici": "^6.22.0"
      },
      "engines": {
        "node": "^18.0.0 || ^20.0.0 || >=22.0.0"
      }
    },
    "node_modules/@types/node": {
      "version": "24.19.1",
      "resolved": "https://registry.npmjs.org/@types/node/-/node-24.19.1.tgz",
      "integrity": "sha512-aS3/DG0oM05K0RIXXP+hKjinGG5IgSSVGzswZxW3O0sS3pH4/fycXundUC9XsszgKCk4gHXylTEK6hyFxVxnoQ==",
      "dev": true,
      "license": "MIT",
      "dependencies": {
        "undici-types": ">=7.24.0 <7.24.7"
      }
    },
    "node_modules/asn1": {
      "version": "0.2.6",
      "resolved": "https://registry.npmjs.org/asn1/-/asn1-0.2.6.tgz",
      "integrity": "sha512-ix/FxPn0MDjeyJ7i/yoHGFt/EX6LyNbxSEhPPXODPL+KB0VPk86UYfL0lMdy+KCnv+fmvIzySwaK5COwqVbWTQ==",
      "license": "MIT",
      "dependencies": {
        "safer-buffer": "~2.1.0"
      }
    },
    "node_modules/b4a": {
      "version": "1.9.0",
      "resolved": "https://registry.npmjs.org/b4a/-/b4a-1.9.0.tgz",
      "integrity": "sha512-dpfcF9fDNR6++cthXR67iyhgqWy9CBouAvIWhIntzBG6cvK/cnIPiZQjBwi/ZqjjBEDGfoNDtmB0kTjroOJ3pQ==",
      "license": "Apache-2.0",
      "peerDependencies": {
        "react-native-b4a": "*"
      },
      "peerDependenciesMeta": {
        "react-native-b4a": {
          "optional": true
        }
      }
    },
    "node_modules/bare-events": {
      "version": "2.9.2",
      "resolved": "https://registry.npmjs.org/bare-events/-/bare-events-2.9.2.tgz",
      "integrity": "sha512-AIPKioV7/Y/8KfZ3AAhjPJxLLbY49S64Ym5DakZlUg75qQiTgUq9hEJoEwa4eUezPUlXRy/i5NpsKvo9jgKmoA==",
      "license": "Apache-2.0",
      "peerDependencies": {
        "bare-abort-controller": "*"
      },
      "peerDependenciesMeta": {
        "bare-abort-controller": {
          "optional": true
        }
      }
    },
    "node_modules/bare-fs": {
      "version": "4.8.2",
      "resolved": "https://registry.npmjs.org/bare-fs/-/bare-fs-4.8.2.tgz",
      "integrity": "sha512-+ZI68KHMUvosXfKbg/UOHK0tbCdRnegbvPEdEcZ3Nd6TetieQsJPRXBRXPdLyy8+3VSEbPXtsumTpEtt78xv9w==",
      "license": "Apache-2.0",
      "dependencies": {
        "bare-events": "^2.5.4",
        "bare-path": "^3.0.0",
        "bare-stream": "^2.6.4",
        "bare-url": "^2.2.2",
        "fast-fifo": "^1.3.2"
      },
      "engines": {
        "bare": ">=1.28.0"
      },
      "peerDependencies": {
        "bare-buffer": "*"
      },
      "peerDependenciesMeta": {
        "bare-buffer": {
          "optional": true
        }
      }
    },
    "node_modules/bare-path": {
      "version": "3.1.2",
      "resolved": "https://registry.npmjs.org/bare-path/-/bare-path-3.1.2.tgz",
      "integrity": "sha512-ZyKbsuuqK6Ag0K8pX6V5Txq6XeJRvY+wXucnFGRjiyVYP9YWDpIQugk/b+enRYrEYBJaqLzghRQpXPMR7341Nw==",
      "license": "Apache-2.0"
    },
    "node_modules/bare-stream": {
      "version": "2.13.4",
      "resolved": "https://registry.npmjs.org/bare-stream/-/bare-stream-2.13.4.tgz",
      "integrity": "sha512-PcrQ8lVLbiJscNm1Kez+Yp4Gy4AHGcN1lzwjvf5NybWen7VvEgUfyfnXYJ2zNqWnzOfCb1Abq6lH8ti0syQszA==",
      "license": "Apache-2.0",
      "dependencies": {
        "b4a": "^1.8.1",
        "streamx": "^2.25.0",
        "teex": "^1.0.1"
      },
      "peerDependencies": {
        "bare-abort-controller": "*",
        "bare-buffer": "*",
        "bare-events": "*"
      },
      "peerDependenciesMeta": {
        "bare-abort-controller": {
          "optional": true
        },
        "bare-buffer": {
          "optional": true
        },
        "bare-events": {
          "optional": true
        }
      }
    },
    "node_modules/bare-url": {
      "version": "2.5.4",
      "resolved": "https://registry.npmjs.org/bare-url/-/bare-url-2.5.4.tgz",
      "integrity": "sha512-Gxa7UVWBr0/edU1b+TJhn/AZvMQUj9OGspvYsaTYQrAbZA4BOTZGL3LiZxvD+CeMlDH4juwD84+eTAp/bLYW5g==",
      "license": "Apache-2.0",
      "dependencies": {
        "bare-path": "^3.0.0"
      }
    },
    "node_modules/bcrypt-pbkdf": {
      "version": "1.0.2",
      "resolved": "https://registry.npmjs.org/bcrypt-pbkdf/-/bcrypt-pbkdf-1.0.2.tgz",
      "integrity": "sha512-qeFIXtP4MSoi6NLqO12WfqARWWuCKi2Rn/9hJLEmtB5yTNr9DqFWkJRCf2qShWzPeAMRnOgCrq0sg/KLv5ES9w==",
      "license": "BSD-3-Clause",
      "dependencies": {
        "tweetnacl": "^0.14.3"
      }
    },
    "node_modules/buildcheck": {
      "version": "0.0.7",
      "resolved": "https://registry.npmjs.org/buildcheck/-/buildcheck-0.0.7.tgz",
      "integrity": "sha512-lHblz4ahamxpTmnsk+MNTRWsjYKv965MwOrSJyeD588rR3Jcu7swE+0wN5F+PbL5cjgu/9ObkhfzEPuofEMwLA==",
      "optional": true,
      "engines": {
        "node": ">=10.0.0"
      }
    },
    "node_modules/commander": {
      "version": "14.0.3",
      "resolved": "https://registry.npmjs.org/commander/-/commander-14.0.3.tgz",
      "integrity": "sha512-H+y0Jo/T1RZ9qPP4Eh1pkcQcLRglraJaSLoyOtHxu6AapkjWVCy2Sit1QQ4x3Dng8qDlSsZEet7g5Pq06MvTgw==",
      "license": "MIT",
      "engines": {
        "node": ">=20"
      }
    },
    "node_modules/cpu-features": {
      "version": "0.0.10",
      "resolved": "https://registry.npmjs.org/cpu-features/-/cpu-features-0.0.10.tgz",
      "integrity": "sha512-9IkYqtX3YHPCzoVg1Py+o9057a3i0fp7S530UWokCSaFVTc7CwXPRiOjRjBQQ18ZCNafx78YfnG+HALxtVmOGA==",
      "hasInstallScript": true,
      "optional": true,
      "dependencies": {
        "buildcheck": "~0.0.6",
        "nan": "^2.19.0"
      },
      "engines": {
        "node": ">=10.0.0"
      }
    },
    "node_modules/events-universal": {
      "version": "1.0.1",
      "resolved": "https://registry.npmjs.org/events-universal/-/events-universal-1.0.1.tgz",
      "integrity": "sha512-LUd5euvbMLpwOF8m6ivPCbhQeSiYVNb8Vs0fQ8QjXo0JTkEHpz8pxdQf0gStltaPpw0Cca8b39KxvK9cfKRiAw==",
      "license": "Apache-2.0",
      "dependencies": {
        "bare-events": "^2.7.0"
      }
    },
    "node_modules/fast-fifo": {
      "version": "1.3.2",
      "resolved": "https://registry.npmjs.org/fast-fifo/-/fast-fifo-1.3.2.tgz",
      "integrity": "sha512-/d9sfos4yxzpwkDkuN7k2SqFKtYNmCTzgfEpz82x34IM9/zc8KGxQoXg1liNC/izpRM/MBdt44Nmx41ZWqk+FQ==",
      "license": "MIT"
    },
    "node_modules/nan": {
      "version": "2.29.0",
      "resolved": "https://registry.npmjs.org/nan/-/nan-2.29.0.tgz",
      "integrity": "sha512-GlGk3HIvitbvs+LT3g6XUP1kpirKNvmDFwF/bmo6XNWSb/eYEs/O4bfgIEIXCZ+lIOTS5xNwDvSGMw6FJdAhtA==",
      "license": "MIT",
      "optional": true
    },
    "node_modules/safer-buffer": {
      "version": "2.1.2",
      "resolved": "https://registry.npmjs.org/safer-buffer/-/safer-buffer-2.1.2.tgz",
      "integrity": "sha512-YZo3K82SD7Riyi0E1EQPojLz7kpepnSQI9IyPbHHg1XXXevb5dJI7tpyN2ADxGcQbHG7vcyRHk0cbwqcQriUtg==",
      "license": "MIT"
    },
    "node_modules/ssh2": {
      "version": "1.17.0",
      "resolved": "https://registry.npmjs.org/ssh2/-/ssh2-1.17.0.tgz",
      "integrity": "sha512-wPldCk3asibAjQ/kziWQQt1Wh3PgDFpC0XpwclzKcdT1vql6KeYxf5LIt4nlFkUeR8WuphYMKqUA56X4rjbfgQ==",
      "hasInstallScript": true,
      "dependencies": {
        "asn1": "^0.2.6",
        "bcrypt-pbkdf": "^1.0.2"
      },
      "engines": {
        "node": ">=10.16.0"
      },
      "optionalDependencies": {
        "cpu-features": "~0.0.10",
        "nan": "^2.23.0"
      }
    },
    "node_modules/streamx": {
      "version": "2.28.1",
      "resolved": "https://registry.npmjs.org/streamx/-/streamx-2.28.1.tgz",
      "integrity": "sha512-zEzXb0s5Cds7tqMH6rhZ05lcJydCWiQPEwiNngVqzsxCc962vLY4Uw+mW7od8kDH258k2Uz/JrOkdIAAhSh9VA==",
      "license": "MIT",
      "dependencies": {
        "events-universal": "^1.0.0",
        "fast-fifo": "^1.3.2",
        "text-decoder": "^1.1.0"
      }
    },
    "node_modules/tar-stream": {
      "version": "3.2.1",
      "resolved": "https://registry.npmjs.org/tar-stream/-/tar-stream-3.2.1.tgz",
      "integrity": "sha512-nqsEO8zLZJvrOMdEwkA0QdCLFbetHMn95Zqu4fKwX+hkaTWJPZZOrxx/PwtxoK0MMGQmBQNRW3CPs8IFYQz4cQ==",
      "license": "MIT",
      "dependencies": {
        "b4a": "^1.6.4",
        "bare-fs": "^4.5.5",
        "fast-fifo": "^1.2.0",
        "streamx": "^2.15.0"
      }
    },
    "node_modules/teex": {
      "version": "1.0.1",
      "resolved": "https://registry.npmjs.org/teex/-/teex-1.0.1.tgz",
      "integrity": "sha512-eYE6iEI62Ni1H8oIa7KlDU6uQBtqr4Eajni3wX7rpfXD8ysFx8z0+dri+KWEPWpBsxXfxu58x/0jvTVT1ekOSg==",
      "license": "MIT",
      "dependencies": {
        "streamx": "^2.12.5"
      }
    },
    "node_modules/text-decoder": {
      "version": "1.2.7",
      "resolved": "https://registry.npmjs.org/text-decoder/-/text-decoder-1.2.7.tgz",
      "integrity": "sha512-vlLytXkeP4xvEq2otHeJfSQIRyWxo/oZGEbXrtEEF9Hnmrdly59sUbzZ/QgyWuLYHctCHxFF4tRQZNQ9k60ExQ==",
      "license": "Apache-2.0",
      "dependencies": {
        "b4a": "^1.6.4"
      }
    },
    "node_modules/tweetnacl": {
      "version": "0.14.5",
      "resolved": "https://registry.npmjs.org/tweetnacl/-/tweetnacl-0.14.5.tgz",
      "integrity": "sha512-KXXFFdAbFXY4geFIwoyNK+f5Z1b7swfXABfL7HXCmoIWMKU3dmS26672A4EeQtDzLKy7SXmfBu51JolvEKwtGA==",
      "license": "Unlicense"
    },
    "node_modules/typescript": {
      "version": "5.9.3",
      "resolved": "https://registry.npmjs.org/typescript/-/typescript-5.9.3.tgz",
      "integrity": "sha512-jl1vZzPDinLr9eUt3J/t7V6FgNEw9QjvBPdysz9KfQDD41fQrC2Y4vKQdiaUpFT4bXlb1RHhLpp8wtm6M5TgSw==",
      "dev": true,
      "license": "Apache-2.0",
      "bin": {
        "tsc": "bin/tsc",
        "tsserver": "bin/tsserver"
      },
      "engines": {
        "node": ">=14.17"
      }
    },
    "node_modules/undici": {
      "version": "6.29.0",
      "resolved": "https://registry.npmjs.org/undici/-/undici-6.29.0.tgz",
      "integrity": "sha512-R+RODBqp6i2pPflGdq+xIOUkl+RNfGgHwoinecKu/JCuf2uO06cOKoDbI2P7Dn6KcswdKwrczbU6IYJ6K8X+wg==",
      "license": "MIT",
      "engines": {
        "node": ">=18.17"
      }
    },
    "node_modules/undici-types": {
      "version": "7.24.6",
      "resolved": "https://registry.npmjs.org/undici-types/-/undici-types-7.24.6.tgz",
      "integrity": "sha512-WRNW+sJgj5OBN4/0JpHFqtqzhpbnV0GuB+OozA9gCL7a993SmU+1JBZCzLNxYsbMfIeDL+lTsphD5jN5N+n0zg==",
      "dev": true,
      "license": "MIT"
    }
  }
}
